
Microsoft Visual Studio Solution File, Format Version 12.00
# Visual Studio Version 16
VisualStudioVersion = 16.0.30011.22
MinimumVisualStudioVersion = 10.0.40219.1
Project("{FAE04EC0-301F-11D3-BF4B-00C04F79EFBC}") = "IdealWeight", "IdealWeight\IdealWeight.csproj", "{3065D881-5199-466B-9E02-5B98CCB5B35C}"
EndProject
Global
	GlobalSection(SolutionConfigurationPlatforms) = preSolution
		Debug|Any CPU = Debug|Any CPU
		Release|Any CPU = Release|Any CPU
	EndGlobalSection
	GlobalSection(ProjectConfigurationPlatforms) = postSolution
		{3065D881-5199-466B-9E02-5B98CCB5B35C}.Debug|Any CPU.ActiveCfg = Debug|Any CPU
		{3065D881-5199-466B-9E02-5B98CCB5B35C}.Debug|Any CPU.Build.0 = Debug|Any CPU
		{3065D881-5199-466B-9E02-5B98CCB5B35C}.Release|Any CPU.ActiveCfg = Release|Any CPU
		{3065D881-5199-466B-9E02-5B98CCB5B35C}.Release|Any CPU.Build.0 = Release|Any CPU
	EndGlobalSection
	GlobalSection(SolutionProperties) = preSolution
		HideSolutionNode = FALSE
	EndGlobalSection
	GlobalSection(ExtensibilityGlobals) = postSolution
		SolutionGuid = {1D5D44A5-29E3-43AB-88E7-A91867E67B63}
	EndGlobalSection
EndGlobal
